{
  "pins" : [
    {
      "identity" : "kernelpatchfinder",
      "kind" : "remoteSourceControl",
      "location" : "https://github.com/pinauten/KernelPatchfinder",
      "state" : {
        "branch" : "master",
        "revision" : "f53a9e7a15d6fa4afdb447838ff7a65892d52a82"
      }
    },
    {
      "identity" : "patchfinderutils",
      "kind" : "remoteSourceControl",
      "location" : "https://github.com/pinauten/PatchfinderUtils",
      "state" : {
        "branch" : "master",
        "revision" : "8f9d9fb3afa8e745f477f9612464e51b463e8975"
      }
    },
    {
      "identity" : "swiftmacho",
      "kind" : "remoteSourceControl",
      "location" : "https://github.com/pinauten/SwiftMachO",
      "state" : {
        "branch" : "master",
        "revision" : "d433b349d7e69bb8fd5d18ea5cdbcd8b731ddf55"
      }
    },
    {
      "identity" : "swiftutils",
      "kind" : "remoteSourceControl",
      "location" : "https://github.com/pinauten/SwiftUtils",
      "state" : {
        "branch" : "master",
        "revision" : "1d37faabb4c58b3152394c9b6e1c1a68507646b9"
      }
    }
  ],
  "version" : 2
}
