{
  "pins" : [
    {
      "identity" : "patchfinderutils",
      "kind" : "remoteSourceControl",
      "location" : "https://github.com/pinauten/PatchfinderUtils",
      "state" : {
        "branch" : "master",
        "revision" : "83647509e12001e8f42b2a5dc46b40977e12098b"
      }
    },
    {
      "identity" : "swiftmacho",
      "kind" : "remoteSourceControl",
      "location" : "https://github.com/pinauten/SwiftMachO",
      "state" : {
        "branch" : "master",
        "revision" : "ccab13cc9c225683d106b21d2cb5aad9a7ad8b25"
      }
    },
    {
      "identity" : "swiftutils",
      "kind" : "remoteSourceControl",
      "location" : "https://github.com/pinauten/SwiftUtils",
      "state" : {
        "branch" : "master",
        "revision" : "1d37faabb4c58b3152394c9b6e1c1a68507646b9"
      }
    },
    {
      "identity" : "swiftxpc",
      "kind" : "remoteSourceControl",
      "location" : "https://github.com/LinusHenze/SwiftXPC",
      "state" : {
        "branch" : "master",
        "revision" : "82870f23f707259595a71d4055e6e671721f43f7"
      }
    }
  ],
  "version" : 2
}
